// !$*UTF8*$!
{
	archiveVersion = 1;
	classes = {
	};
	objectVersion = 55;
	objects = {

/* Begin PBXBuildFile section */
		52AEE5322800AC5200EC7321 /* ChecklistItem.swift in Sources */ = {isa = PBXBuildFile; fileRef = 52AEE5312800AC5200EC7321 /* ChecklistItem.swift */; };
		52E48EC227FF5B2E00ED5015 /* AppDelegate.swift in Sources */ = {isa = PBXBuildFile; fileRef = 52E48EC127FF5B2E00ED5015 /* AppDelegate.swift */; };
		52E48EC427FF5B2E00ED5015 /* SceneDelegate.swift in Sources */ = {isa = PBXBuildFile; fileRef = 52E48EC327FF5B2E00ED5015 /* SceneDelegate.swift */; };
		52E48EC627FF5B2E00ED5015 /* ChecklistViewController.swift in Sources */ = {isa = PBXBuildFile; fileRef = 52E48EC527FF5B2E00ED5015 /* ChecklistViewController.swift */; };
		52E48EC927FF5B2E00ED5015 /* Main.storyboard in Resources */ = {isa = PBXBuildFile; fileRef = 52E48EC727FF5B2E00ED5015 /* Main.storyboard */; };
		52E48ECB27FF5B3000ED5015 /* Assets.xcassets in Resources */ = {isa = PBXBuildFile; fileRef = 52E48ECA27FF5B3000ED5015 /* Assets.xcassets */; };
		52E48ECE27FF5B3000ED5015 /* LaunchScreen.storyboard in Resources */ = {isa = PBXBuildFile; fileRef = 52E48ECC27FF5B3000ED5015 /* LaunchScreen.storyboard */; };
		52F76CD1280C5E160015F72A /* AllListsViewController.swift in Sources */ = {isa = PBXBuildFile; fileRef = 52F76CD0280C5E160015F72A /* AllListsViewController.swift */; };
		52FBD58E28046C1C009157D5 /* ItemDetailViewController.swift in Sources */ = {isa = PBXBuildFile; fileRef = 52FBD58D28046C1C009157D5 /* ItemDetailViewController.swift */; };
/* End PBXBuildFile section */

/* Begin PBXFileReference section */
		52AEE5312800AC5200EC7321 /* ChecklistItem.swift */ = {isa = PBXFileReference; lastKnownFileType = sourcecode.swift; path = ChecklistItem.swift; sourceTree = "<group>"; };
		52E48EBE27FF5B2E00ED5015 /* MyChecklists.app */ = {isa = PBXFileReference; explicitFileType = wrapper.application; includeInIndex = 0; path = MyChecklists.app; sourceTree = BUILT_PRODUCTS_DIR; };
		52E48EC127FF5B2E00ED5015 /* AppDelegate.swift */ = {isa = PBXFileReference; lastKnownFileType = sourcecode.swift; path = AppDelegate.swift; sourceTree = "<group>"; };
		52E48EC327FF5B2E00ED5015 /* SceneDelegate.swift */ = {isa = PBXFileReference; lastKnownFileType = sourcecode.swift; path = SceneDelegate.swift; sourceTree = "<group>"; };
		52E48EC527FF5B2E00ED5015 /* ChecklistViewController.swift */ = {isa = PBXFileReference; lastKnownFileType = sourcecode.swift; path = ChecklistViewController.swift; sourceTree = "<group>"; };
		52E48EC827FF5B2E00ED5015 /* Base */ = {isa = PBXFileReference; lastKnownFileType = file.storyboard; name = Base; path = Base.lproj/Main.storyboard; sourceTree = "<group>"; };
		52E48ECA27FF5B3000ED5015 /* Assets.xcassets */ = {isa = PBXFileReference; lastKnownFileType = folder.assetcatalog; path = Assets.xcassets; sourceTree = "<group>"; };
		52E48ECD27FF5B3000ED5015 /* Base */ = {isa = PBXFileReference; lastKnownFileType = file.storyboard; name = Base; path = Base.lproj/LaunchScreen.storyboard; sourceTree = "<group>"; };
		52E48ECF27FF5B3000ED5015 /* Info.plist */ = {isa = PBXFileReference; lastKnownFileType = text.plist.xml; path = Info.plist; sourceTree = "<group>"; };
		52F76CD0280C5E160015F72A /* AllListsViewController.swift */ = {isa = PBXFileReference; lastKnownFileType = sourcecode.swift; path = AllListsViewController.swift; sourceTree = "<group>"; };
		52FBD58D28046C1C009157D5 /* ItemDetailViewController.swift */ = {isa = PBXFileReference; lastKnownFileType = sourcecode.swift; path = ItemDetailViewController.swift; sourceTree = "<group>"; };
/* End PBXFileReference section */

/* Begin PBXFrameworksBuildPhase section */
		52E48EBB27FF5B2E00ED5015 /* Frameworks */ = {
			isa = PBXFrameworksBuildPhase;
			buildActionMask = 2147483647;
			files = (
			);
			runOnlyForDeploymentPostprocessing = 0;
		};
/* End PBXFrameworksBuildPhase section */

/* Begin PBXGroup section */
		52E48EB527FF5B2E00ED5015 = {
			isa = PBXGroup;
			children = (
				52E48EC027FF5B2E00ED5015 /* MyChecklists */,
				52E48EBF27FF5B2E00ED5015 /* Products */,
			);
			sourceTree = "<group>";
		};
		52E48EBF27FF5B2E00ED5015 /* Products */ = {
			isa = PBXGroup;
			children = (
				52E48EBE27FF5B2E00ED5015 /* MyChecklists.app */,
			);
			name = Products;
			sourceTree = "<group>";
		};
		52E48EC027FF5B2E00ED5015 /* MyChecklists */ = {
			isa = PBXGroup;
			children = (
				52E48EC127FF5B2E00ED5015 /* AppDelegate.swift */,
				52E48EC327FF5B2E00ED5015 /* SceneDelegate.swift */,
				52E48EC527FF5B2E00ED5015 /* ChecklistViewController.swift */,
				52AEE5312800AC5200EC7321 /* ChecklistItem.swift */,
				52FBD58D28046C1C009157D5 /* ItemDetailViewController.swift */,
				52F76CD0280C5E160015F72A /* AllListsViewController.swift */,
				52E48EC727FF5B2E00ED5015 /* Main.storyboard */,
				52E48ECA27FF5B3000ED5015 /* Assets.xcassets */,
				52E48ECC27FF5B3000ED5015 /* LaunchScreen.storyboard */,
				52E48ECF27FF5B3000ED5015 /* Info.plist */,
			);
			path = MyChecklists;
			sourceTree = "<group>";
		};
/* End PBXGroup section */

/* Begin PBXNativeTarget section */
		52E48EBD27FF5B2E00ED5015 /* MyChecklists */ = {
			isa = PBXNativeTarget;
			buildConfigurationList = 52E48ED227FF5B3000ED5015 /* Build configuration list for PBXNativeTarget "MyChecklists" */;
			buildPhases = (
				52E48EBA27FF5B2E00ED5015 /* Sources */,
				52E48EBB27FF5B2E00ED5015 /* Frameworks */,
				52E48EBC27FF5B2E00ED5015 /* Resources */,
			);
			buildRules = (
			);
			dependencies = (
			);
			name = MyChecklists;
			productName = MyChecklists;
			productReference = 52E48EBE27FF5B2E00ED5015 /* MyChecklists.app */;
			productType = "com.apple.product-type.application";
		};
/* End PBXNativeTarget section */

/* Begin PBXProject section */
		52E48EB627FF5B2E00ED5015 /* Project object */ = {
			isa = PBXProject;
			attributes = {
				BuildIndependentTargetsInParallel = 1;
				LastSwiftUpdateCheck = 1320;
				LastUpgradeCheck = 1320;
				TargetAttributes = {
					52E48EBD27FF5B2E00ED5015 = {
						CreatedOnToolsVersion = 13.2.1;
					};
				};
			};
			buildConfigurationList = 52E48EB927FF5B2E00ED5015 /* Build configuration list for PBXProject "MyChecklists" */;
			compatibilityVersion = "Xcode 13.0";
			developmentRegion = en;
			hasScannedForEncodings = 0;
			knownRegions = (
				en,
				Base,
			);
			mainGroup = 52E48EB527FF5B2E00ED5015;
			productRefGroup = 52E48EBF27FF5B2E00ED5015 /* Products */;
			projectDirPath = "";
			projectRoot = "";
			targets = (
				52E48EBD27FF5B2E00ED5015 /* MyChecklists */,
			);
		};
/* End PBXProject section */

/* Begin PBXResourcesBuildPhase section */
		52E48EBC27FF5B2E00ED5015 /* Resources */ = {
			isa = PBXResourcesBuildPhase;
			buildActionMask = 2147483647;
			files = (
				52E48ECE27FF5B3000ED5015 /* LaunchScreen.storyboard in Resources */,
				52E48ECB27FF5B3000ED5015 /* Assets.xcassets in Resources */,
				52E48EC927FF5B2E00ED5015 /* Main.storyboard in Resources */,
			);
			runOnlyForDeploymentPostprocessing = 0;
		};
/* End PBXResourcesBuildPhase section */

/* Begin PBXSourcesBuildPhase section */
		52E48EBA27FF5B2E00ED5015 /* Sources */ = {
			isa = PBXSourcesBuildPhase;
			buildActionMask = 2147483647;
			files = (
				52FBD58E28046C1C009157D5 /* ItemDetailViewController.swift in Sources */,
				52E48EC627FF5B2E00ED5015 /* ChecklistViewController.swift in Sources */,
				52F76CD1280C5E160015F72A /* AllListsViewController.swift in Sources */,
				52E48EC227FF5B2E00ED5015 /* AppDelegate.swift in Sources */,
				52E48EC427FF5B2E00ED5015 /* SceneDelegate.swift in Sources */,
				52AEE5322800AC5200EC7321 /* ChecklistItem.swift in Sources */,
			);
			runOnlyForDeploymentPostprocessing = 0;
		};
/* End PBXSourcesBuildPhase section */

/* Begin PBXVariantGroup section */
		52E48EC727FF5B2E00ED5015 /* Main.storyboard */ = {
			isa = PBXVariantGroup;
			children = (
				52E48EC827FF5B2E00ED5015 /* Base */,
			);
			name = Main.storyboard;
			sourceTree = "<group>";
		};
		52E48ECC27FF5B3000ED5015 /* LaunchScreen.storyboard */ = {
			isa = PBXVariantGroup;
			children = (
				52E48ECD27FF5B3000ED5015 /* Base */,
			);
			name = LaunchScreen.storyboard;
			sourceTree = "<group>";
		};
/* End PBXVariantGroup section */

/* Begin XCBuildConfiguration section */
		52E48ED027FF5B3000ED5015 /* Debug */ = {
			isa = XCBuildConfiguration;
			buildSettings = {
				ALWAYS_SEARCH_USER_PATHS = NO;
				CLANG_ANALYZER_NONNULL = YES;
				CLANG_ANALYZER_NUMBER_OBJECT_CONVERSION = YES_AGGRESSIVE;
				CLANG_CXX_LANGUAGE_STANDARD = "gnu++17";
				CLANG_CXX_LIBRARY = "libc++";
				CLANG_ENABLE_MODULES = YES;
				CLANG_ENABLE_OBJC_ARC = YES;
				CLANG_ENABLE_OBJC_WEAK = YES;
				CLANG_WARN_BLOCK_CAPTURE_AUTORELEASING = YES;
				CLANG_WARN_BOOL_CONVERSION = YES;
				CLANG_WARN_COMMA = YES;
				CLANG_WARN_CONSTANT_CONVERSION = YES;
				CLANG_WARN_DEPRECATED_OBJC_IMPLEMENTATIONS = YES;
				CLANG_WARN_DIRECT_OBJC_ISA_USAGE = YES_ERROR;
				CLANG_WARN_DOCUMENTATION_COMMENTS = YES;
				CLANG_WARN_EMPTY_BODY = YES;
				CLANG_WARN_ENUM_CONVERSION = YES;
				CLANG_WARN_INFINITE_RECURSION = YES;
				CLANG_WARN_INT_CONVERSION = YES;
				CLANG_WARN_NON_LITERAL_NULL_CONVERSION = YES;
				CLANG_WARN_OBJC_IMPLICIT_RETAIN_SELF = YES;
				CLANG_WARN_OBJC_LITERAL_CONVERSION = YES;
				CLANG_WARN_OBJC_ROOT_CLASS = YES_ERROR;
				CLANG_WARN_QUOTED_INCLUDE_IN_FRAMEWORK_HEADER = YES;
				CLANG_WARN_RANGE_LOOP_ANALYSIS = YES;
				CLANG_WARN_STRICT_PROTOTYPES = YES;
				CLANG_WARN_SUSPICIOUS_MOVE = YES;
				CLANG_WARN_UNGUARDED_AVAILABILITY = YES_AGGRESSIVE;
				CLANG_WARN_UNREACHABLE_CODE = YES;
				CLANG_WARN__DUPLICATE_METHOD_MATCH = YES;
				COPY_PHASE_STRIP = NO;
				DEBUG_INFORMATION_FORMAT = dwarf;
				ENABLE_STRICT_OBJC_MSGSEND = YES;
				ENABLE_TESTABILITY = YES;
				GCC_C_LANGUAGE_STANDARD = gnu11;
				GCC_DYNAMIC_NO_PIC = NO;
				GCC_NO_COMMON_BLOCKS = YES;
				GCC_OPTIMIZATION_LEVEL = 0;
				GCC_PREPROCESSOR_DEFINITIONS = (
					"DEBUG=1",
					"$(inherited)",
				);
				GCC_WARN_64_TO_32_BIT_CONVERSION = YES;
				GCC_WARN_ABOUT_RETURN_TYPE = YES_ERROR;
				GCC_WARN_UNDECLARED_SELECTOR = YES;
				GCC_WARN_UNINITIALIZED_AUTOS = YES_AGGRESSIVE;
				GCC_WARN_UNUSED_FUNCTION = YES;
				GCC_WARN_UNUSED_VARIABLE = YES;
				IPHONEOS_DEPLOYMENT_TARGET = 15.2;
				MTL_ENABLE_DEBUG_INFO = INCLUDE_SOURCE;
				MTL_FAST_MATH = YES;
				ONLY_ACTIVE_ARCH = YES;
				SDKROOT = iphoneos;
				SWIFT_ACTIVE_COMPILATION_CONDITIONS = DEBUG;
				SWIFT_OPTIMIZATION_LEVEL = "-Onone";
			};
			name = Debug;
		};
		52E48ED127FF5B3000ED5015 /* Release */ = {
			isa = XCBuildConfiguration;
			buildSettings = {
				ALWAYS_SEARCH_USER_PATHS = NO;
				CLANG_ANALYZER_NONNULL = YES;
				CLANG_ANALYZER_NUMBER_OBJECT_CONVERSION = YES_AGGRESSIVE;
				CLANG_CXX_LANGUAGE_STANDARD = "gnu++17";
				CLANG_CXX_LIBRARY = "libc++";
				CLANG_ENABLE_MODULES = YES;
				CLANG_ENABLE_OBJC_ARC = YES;
				CLANG_ENABLE_OBJC_WEAK = YES;
				CLANG_WARN_BLOCK_CAPTURE_AUTORELEASING = YES;
				CLANG_WARN_BOOL_CONVERSION = YES;
				CLANG_WARN_COMMA = YES;
				CLANG_WARN_CONSTANT_CONVERSION = YES;
				CLANG_WARN_DEPRECATED_OBJC_IMPLEMENTATIONS = YES;
				CLANG_WARN_DIRECT_OBJC_ISA_USAGE = YES_ERROR;
				CLANG_WARN_DOCUMENTATION_COMMENTS = YES;
				CLANG_WARN_EMPTY_BODY = YES;
				CLANG_WARN_ENUM_CONVERSION = YES;
				CLANG_WARN_INFINITE_RECURSION = YES;
				CLANG_WARN_INT_CONVERSION = YES;
				CLANG_WARN_NON_LITERAL_NULL_CONVERSION = YES;
				CLANG_WARN_OBJC_IMPLICIT_RETAIN_SELF = YES;
				CLANG_WARN_OBJC_LITERAL_CONVERSION = YES;
				CLANG_WARN_OBJC_ROOT_CLASS = YES_ERROR;
				CLANG_WARN_QUOTED_INCLUDE_IN_FRAMEWORK_HEADER = YES;
				CLANG_WARN_RANGE_LOOP_ANALYSIS = YES;
				CLANG_WARN_STRICT_PROTOTYPES = YES;
				CLANG_WARN_SUSPICIOUS_MOVE = YES;
				CLANG_WARN_UNGUARDED_AVAILABILITY = YES_AGGRESSIVE;
				CLANG_WARN_UNREACHABLE_CODE = YES;
				CLANG_WARN__DUPLICATE_METHOD_MATCH = YES;
				COPY_PHASE_STRIP = NO;
				DEBUG_INFORMATION_FORMAT = "dwarf-with-dsym";
				ENABLE_NS_ASSERTIONS = NO;
				ENABLE_STRICT_OBJC_MSGSEND = YES;
				GCC_C_LANGUAGE_STANDARD = gnu11;
				GCC_NO_COMMON_BLOCKS = YES;
				GCC_WARN_64_TO_32_BIT_CONVERSION = YES;
				GCC_WARN_ABOUT_RETURN_TYPE = YES_ERROR;
				GCC_WARN_UNDECLARED_SELECTOR = YES;
				GCC_WARN_UNINITIALIZED_AUTOS = YES_AGGRESSIVE;
				GCC_WARN_UNUSED_FUNCTION = YES;
				GCC_WARN_UNUSED_VARIABLE = YES;
				IPHONEOS_DEPLOYMENT_TARGET = 15.2;
				MTL_ENABLE_DEBUG_INFO = NO;
				MTL_FAST_MATH = YES;
				SDKROOT = iphoneos;
				SWIFT_COMPILATION_MODE = wholemodule;
				SWIFT_OPTIMIZATION_LEVEL = "-O";
				VALIDATE_PRODUCT = YES;
			};
			name = Release;
		};
		52E48ED327FF5B3000ED5015 /* Debug */ = {
			isa = XCBuildConfiguration;
			buildSettings = {
				ASSETCATALOG_COMPILER_APPICON_NAME = AppIcon;
				ASSETCATALOG_COMPILER_GLOBAL_ACCENT_COLOR_NAME = AccentColor;
				CODE_SIGN_STYLE = Automatic;
				CURRENT_PROJECT_VERSION = 1;
				DEVELOPMENT_TEAM = 972D9Z4QKX;
				GENERATE_INFOPLIST_FILE = YES;
				INFOPLIST_FILE = MyChecklists/Info.plist;
				INFOPLIST_KEY_UIApplicationSupportsIndirectInputEvents = YES;
				INFOPLIST_KEY_UILaunchStoryboardName = LaunchScreen;
				INFOPLIST_KEY_UIMainStoryboardFile = Main;
				INFOPLIST_KEY_UISupportedInterfaceOrientations = UIInterfaceOrientationPortrait;
				INFOPLIST_KEY_UISupportedInterfaceOrientations_iPad = "UIInterfaceOrientationPortrait UIInterfaceOrientationPortraitUpsideDown UIInterfaceOrientationLandscapeLeft UIInterfaceOrientationLandscapeRight";
				INFOPLIST_KEY_UISupportedInterfaceOrientations_iPhone = "UIInterfaceOrientationPortrait UIInterfaceOrientationLandscapeLeft UIInterfaceOrientationLandscapeRight";
				LD_RUNPATH_SEARCH_PATHS = (
					"$(inherited)",
					"@executable_path/Frameworks",
				);
				MARKETING_VERSION = 1.0;
				PRODUCT_BUNDLE_IDENTIFIER = com.ericgrant.MyChecklists;
				PRODUCT_NAME = "$(TARGET_NAME)";
				SWIFT_EMIT_LOC_STRINGS = YES;
				SWIFT_VERSION = 5.0;
				TARGETED_DEVICE_FAMILY = "1,2";
			};
			name = Debug;
		};
		52E48ED427FF5B3000ED5015 /* Release */ = {
			isa = XCBuildConfiguration;
			buildSettings = {
				ASSETCATALOG_COMPILER_APPICON_NAME = AppIcon;
				ASSETCATALOG_COMPILER_GLOBAL_ACCENT_COLOR_NAME = AccentColor;
				CODE_SIGN_STYLE = Automatic;
				CURRENT_PROJECT_VERSION = 1;
				DEVELOPMENT_TEAM = 972D9Z4QKX;
				GENERATE_INFOPLIST_FILE = YES;
				INFOPLIST_FILE = MyChecklists/Info.plist;
				INFOPLIST_KEY_UIApplicationSupportsIndirectInputEvents = YES;
				INFOPLIST_KEY_UILaunchStoryboardName = LaunchScreen;
				INFOPLIST_KEY_UIMainStoryboardFile = Main;
				INFOPLIST_KEY_UISupportedInterfaceOrientations = UIInterfaceOrientationPortrait;
				INFOPLIST_KEY_UISupportedInterfaceOrientations_iPad = "UIInterfaceOrientationPortrait UIInterfaceOrientationPortraitUpsideDown UIInterfaceOrientationLandscapeLeft UIInterfaceOrientationLandscapeRight";
				INFOPLIST_KEY_UISupportedInterfaceOrientations_iPhone = "UIInterfaceOrientationPortrait UIInterfaceOrientationLandscapeLeft UIInterfaceOrientationLandscapeRight";
				LD_RUNPATH_SEARCH_PATHS = (
					"$(inherited)",
					"@executable_path/Frameworks",
				);
				MARKETING_VERSION = 1.0;
				PRODUCT_BUNDLE_IDENTIFIER = com.ericgrant.MyChecklists;
				PRODUCT_NAME = "$(TARGET_NAME)";
				SWIFT_EMIT_LOC_STRINGS = YES;
				SWIFT_VERSION = 5.0;
				TARGETED_DEVICE_FAMILY = "1,2";
			};
			name = Release;
		};
/* End XCBuildConfiguration section */

/* Begin XCConfigurationList section */
		52E48EB927FF5B2E00ED5015 /* Build configuration list for PBXProject "MyChecklists" */ = {
			isa = XCConfigurationList;
			buildConfigurations = (
				52E48ED027FF5B3000ED5015 /* Debug */,
				52E48ED127FF5B3000ED5015 /* Release */,
			);
			defaultConfigurationIsVisible = 0;
			defaultConfigurationName = Release;
		};
		52E48ED227FF5B3000ED5015 /* Build configuration list for PBXNativeTarget "MyChecklists" */ = {
			isa = XCConfigurationList;
			buildConfigurations = (
				52E48ED327FF5B3000ED5015 /* Debug */,
				52E48ED427FF5B3000ED5015 /* Release */,
			);
			defaultConfigurationIsVisible = 0;
			defaultConfigurationName = Release;
		};
/* End XCConfigurationList section */
	};
	rootObject = 52E48EB627FF5B2E00ED5015 /* Project object */;
}
